
Microsoft Visual Studio Solution File, Format Version 12.00
# Visual Studio Version 17
VisualStudioVersion = 17.0.31903.59
MinimumVisualStudioVersion = 10.0.40219.1
Project("{2150E333-8FDC-42A3-9474-1A3956D46DE8}") = "src", "src", "{827E0CD3-B72D-47B6-A68D-7590B98EB39B}"
EndProject
Project("{FAE04EC0-301F-11D3-BF4B-00C04F79EFBC}") = "PropostaService", "src\PropostaService\PropostaService.csproj", "{30E2B8D3-9805-4113-83D4-177B0002A618}"
EndProject
Project("{FAE04EC0-301F-11D3-BF4B-00C04F79EFBC}") = "ContratacaoService", "src\ContratacaoService\ContratacaoService.csproj", "{63CCE9C5-B072-4129-A517-6C37CFB60E5F}"
EndProject
Project("{2150E333-8FDC-42A3-9474-1A3956D46DE8}") = "tests", "tests", "{0AB3BF05-4346-4AA6-1389-037BE0695223}"
EndProject
Project("{FAE04EC0-301F-11D3-BF4B-00C04F79EFBC}") = "Proposta.Tests", "tests\Proposta.Tests\Proposta.Tests.csproj", "{FE4C8C75-9D48-4E01-B7EA-B45C52B11697}"
EndProject
Project("{FAE04EC0-301F-11D3-BF4B-00C04F79EFBC}") = "Contratacao.Tests", "tests\Contratacao.Tests\Contratacao.Tests.csproj", "{021666CC-95FF-45D7-8C77-A954D3B5CED0}"
EndProject
Global
	GlobalSection(SolutionConfigurationPlatforms) = preSolution
		Debug|Any CPU = Debug|Any CPU
		Debug|x64 = Debug|x64
		Debug|x86 = Debug|x86
		Release|Any CPU = Release|Any CPU
		Release|x64 = Release|x64
		Release|x86 = Release|x86
	EndGlobalSection
	GlobalSection(ProjectConfigurationPlatforms) = postSolution
		{30E2B8D3-9805-4113-83D4-177B0002A618}.Debug|Any CPU.ActiveCfg = Debug|Any CPU
		{30E2B8D3-9805-4113-83D4-177B0002A618}.Debug|Any CPU.Build.0 = Debug|Any CPU
		{30E2B8D3-9805-4113-83D4-177B0002A618}.Debug|x64.ActiveCfg = Debug|Any CPU
		{30E2B8D3-9805-4113-83D4-177B0002A618}.Debug|x64.Build.0 = Debug|Any CPU
		{30E2B8D3-9805-4113-83D4-177B0002A618}.Debug|x86.ActiveCfg = Debug|Any CPU
		{30E2B8D3-9805-4113-83D4-177B0002A618}.Debug|x86.Build.0 = Debug|Any CPU
		{30E2B8D3-9805-4113-83D4-177B0002A618}.Release|Any CPU.ActiveCfg = Release|Any CPU
		{30E2B8D3-9805-4113-83D4-177B0002A618}.Release|Any CPU.Build.0 = Release|Any CPU
		{30E2B8D3-9805-4113-83D4-177B0002A618}.Release|x64.ActiveCfg = Release|Any CPU
		{30E2B8D3-9805-4113-83D4-177B0002A618}.Release|x64.Build.0 = Release|Any CPU
		{30E2B8D3-9805-4113-83D4-177B0002A618}.Release|x86.ActiveCfg = Release|Any CPU
		{30E2B8D3-9805-4113-83D4-177B0002A618}.Release|x86.Build.0 = Release|Any CPU
		{63CCE9C5-B072-4129-A517-6C37CFB60E5F}.Debug|Any CPU.ActiveCfg = Debug|Any CPU
		{63CCE9C5-B072-4129-A517-6C37CFB60E5F}.Debug|Any CPU.Build.0 = Debug|Any CPU
		{63CCE9C5-B072-4129-A517-6C37CFB60E5F}.Debug|x64.ActiveCfg = Debug|Any CPU
		{63CCE9C5-B072-4129-A517-6C37CFB60E5F}.Debug|x64.Build.0 = Debug|Any CPU
		{63CCE9C5-B072-4129-A517-6C37CFB60E5F}.Debug|x86.ActiveCfg = Debug|Any CPU
		{63CCE9C5-B072-4129-A517-6C37CFB60E5F}.Debug|x86.Build.0 = Debug|Any CPU
		{63CCE9C5-B072-4129-A517-6C37CFB60E5F}.Release|Any CPU.ActiveCfg = Release|Any CPU
		{63CCE9C5-B072-4129-A517-6C37CFB60E5F}.Release|Any CPU.Build.0 = Release|Any CPU
		{63CCE9C5-B072-4129-A517-6C37CFB60E5F}.Release|x64.ActiveCfg = Release|Any CPU
		{63CCE9C5-B072-4129-A517-6C37CFB60E5F}.Release|x64.Build.0 = Release|Any CPU
		{63CCE9C5-B072-4129-A517-6C37CFB60E5F}.Release|x86.ActiveCfg = Release|Any CPU
		{63CCE9C5-B072-4129-A517-6C37CFB60E5F}.Release|x86.Build.0 = Release|Any CPU
		{FE4C8C75-9D48-4E01-B7EA-B45C52B11697}.Debug|Any CPU.ActiveCfg = Debug|Any CPU
		{FE4C8C75-9D48-4E01-B7EA-B45C52B11697}.Debug|Any CPU.Build.0 = Debug|Any CPU
		{FE4C8C75-9D48-4E01-B7EA-B45C52B11697}.Debug|x64.ActiveCfg = Debug|Any CPU
		{FE4C8C75-9D48-4E01-B7EA-B45C52B11697}.Debug|x64.Build.0 = Debug|Any CPU
		{FE4C8C75-9D48-4E01-B7EA-B45C52B11697}.Debug|x86.ActiveCfg = Debug|Any CPU
		{FE4C8C75-9D48-4E01-B7EA-B45C52B11697}.Debug|x86.Build.0 = Debug|Any CPU
		{FE4C8C75-9D48-4E01-B7EA-B45C52B11697}.Release|Any CPU.ActiveCfg = Release|Any CPU
		{FE4C8C75-9D48-4E01-B7EA-B45C52B11697}.Release|Any CPU.Build.0 = Release|Any CPU
		{FE4C8C75-9D48-4E01-B7EA-B45C52B11697}.Release|x64.ActiveCfg = Release|Any CPU
		{FE4C8C75-9D48-4E01-B7EA-B45C52B11697}.Release|x64.Build.0 = Release|Any CPU
		{FE4C8C75-9D48-4E01-B7EA-B45C52B11697}.Release|x86.ActiveCfg = Release|Any CPU
		{FE4C8C75-9D48-4E01-B7EA-B45C52B11697}.Release|x86.Build.0 = Release|Any CPU
		{021666CC-95FF-45D7-8C77-A954D3B5CED0}.Debug|Any CPU.ActiveCfg = Debug|Any CPU
		{021666CC-95FF-45D7-8C77-A954D3B5CED0}.Debug|Any CPU.Build.0 = Debug|Any CPU
		{021666CC-95FF-45D7-8C77-A954D3B5CED0}.Debug|x64.ActiveCfg = Debug|Any CPU
		{021666CC-95FF-45D7-8C77-A954D3B5CED0}.Debug|x64.Build.0 = Debug|Any CPU
		{021666CC-95FF-45D7-8C77-A954D3B5CED0}.Debug|x86.ActiveCfg = Debug|Any CPU
		{021666CC-95FF-45D7-8C77-A954D3B5CED0}.Debug|x86.Build.0 = Debug|Any CPU
		{021666CC-95FF-45D7-8C77-A954D3B5CED0}.Release|Any CPU.ActiveCfg = Release|Any CPU
		{021666CC-95FF-45D7-8C77-A954D3B5CED0}.Release|Any CPU.Build.0 = Release|Any CPU
		{021666CC-95FF-45D7-8C77-A954D3B5CED0}.Release|x64.ActiveCfg = Release|Any CPU
		{021666CC-95FF-45D7-8C77-A954D3B5CED0}.Release|x64.Build.0 = Release|Any CPU
		{021666CC-95FF-45D7-8C77-A954D3B5CED0}.Release|x86.ActiveCfg = Release|Any CPU
		{021666CC-95FF-45D7-8C77-A954D3B5CED0}.Release|x86.Build.0 = Release|Any CPU
	EndGlobalSection
	GlobalSection(SolutionProperties) = preSolution
		HideSolutionNode = FALSE
	EndGlobalSection
	GlobalSection(NestedProjects) = preSolution
		{30E2B8D3-9805-4113-83D4-177B0002A618} = {827E0CD3-B72D-47B6-A68D-7590B98EB39B}
		{63CCE9C5-B072-4129-A517-6C37CFB60E5F} = {827E0CD3-B72D-47B6-A68D-7590B98EB39B}
		{FE4C8C75-9D48-4E01-B7EA-B45C52B11697} = {0AB3BF05-4346-4AA6-1389-037BE0695223}
		{021666CC-95FF-45D7-8C77-A954D3B5CED0} = {0AB3BF05-4346-4AA6-1389-037BE0695223}
	EndGlobalSection
EndGlobal
